
Microsoft Visual Studio Solution File, Format Version 12.00
# Visual Studio Version 16
VisualStudioVersion = 16.0.30404.54
MinimumVisualStudioVersion = 10.0.40219.1
Project("{FAE04EC0-301F-11D3-BF4B-00C04F79EFBC}") = "cue", "cue.csproj", "{84D6C6A2-B756-49CF-94A1-06651E46C4C1}"
EndProject
Global
	GlobalSection(SolutionConfigurationPlatforms) = preSolution
		Debug|Any CPU = Debug|Any CPU
		Release|Any CPU = Release|Any CPU
	EndGlobalSection
	GlobalSection(ProjectConfigurationPlatforms) = postSolution
		{84D6C6A2-B756-49CF-94A1-06651E46C4C1}.Debug|Any CPU.ActiveCfg = Debug|Any CPU
		{84D6C6A2-B756-49CF-94A1-06651E46C4C1}.Debug|Any CPU.Build.0 = Debug|Any CPU
		{84D6C6A2-B756-49CF-94A1-06651E46C4C1}.Release|Any CPU.ActiveCfg = Release|Any CPU
		{84D6C6A2-B756-49CF-94A1-06651E46C4C1}.Release|Any CPU.Build.0 = Release|Any CPU
	EndGlobalSection
	GlobalSection(SolutionProperties) = preSolution
		HideSolutionNode = FALSE
	EndGlobalSection
	GlobalSection(ExtensibilityGlobals) = postSolution
		SolutionGuid = {7D31BCE9-4B35-45E9-B2B3-CB259391BB69}
	EndGlobalSection
EndGlobal
